
Microsoft Visual Studio Solution File, Format Version 12.00
# Visual Studio 15
VisualStudioVersion = 15.0.28307.271
MinimumVisualStudioVersion = 10.0.40219.1
Project("{8BC9CEB8-8B4A-11D0-8D11-00A0C91BC942}") = "DayTwo", "DayTwo\DayTwo.vcxproj", "{04DDAD6F-A3A5-4B86-A174-3D65AC03E81D}"
EndProject
Global
	GlobalSection(SolutionConfigurationPlatforms) = preSolution
		Debug|x64 = Debug|x64
		Debug|x86 = Debug|x86
		Release|x64 = Release|x64
		Release|x86 = Release|x86
	EndGlobalSection
	GlobalSection(ProjectConfigurationPlatforms) = postSolution
		{04DDAD6F-A3A5-4B86-A174-3D65AC03E81D}.Debug|x64.ActiveCfg = Debug|x64
		{04DDAD6F-A3A5-4B86-A174-3D65AC03E81D}.Debug|x64.Build.0 = Debug|x64
		{04DDAD6F-A3A5-4B86-A174-3D65AC03E81D}.Debug|x86.ActiveCfg = Debug|Win32
		{04DDAD6F-A3A5-4B86-A174-3D65AC03E81D}.Debug|x86.Build.0 = Debug|Win32
		{04DDAD6F-A3A5-4B86-A174-3D65AC03E81D}.Release|x64.ActiveCfg = Release|x64
		{04DDAD6F-A3A5-4B86-A174-3D65AC03E81D}.Release|x64.Build.0 = Release|x64
		{04DDAD6F-A3A5-4B86-A174-3D65AC03E81D}.Release|x86.ActiveCfg = Release|Win32
		{04DDAD6F-A3A5-4B86-A174-3D65AC03E81D}.Release|x86.Build.0 = Release|Win32
	EndGlobalSection
	GlobalSection(SolutionProperties) = preSolution
		HideSolutionNode = FALSE
	EndGlobalSection
	GlobalSection(ExtensibilityGlobals) = postSolution
		SolutionGuid = {23CE5E72-F8C2-4905-847D-A39605DBDE92}
	EndGlobalSection
EndGlobal
