
Microsoft Visual Studio Solution File, Format Version 12.00
# Visual Studio 15
VisualStudioVersion = 15.0.28307.271
MinimumVisualStudioVersion = 10.0.40219.1
Project("{8BC9CEB8-8B4A-11D0-8D11-00A0C91BC942}") = "DayOne", "DayOne\DayOne.vcxproj", "{E00769E5-82D4-4961-A067-AA0DD536919D}"
EndProject
Global
	GlobalSection(SolutionConfigurationPlatforms) = preSolution
		Debug|x64 = Debug|x64
		Debug|x86 = Debug|x86
		Release|x64 = Release|x64
		Release|x86 = Release|x86
	EndGlobalSection
	GlobalSection(ProjectConfigurationPlatforms) = postSolution
		{E00769E5-82D4-4961-A067-AA0DD536919D}.Debug|x64.ActiveCfg = Debug|x64
		{E00769E5-82D4-4961-A067-AA0DD536919D}.Debug|x64.Build.0 = Debug|x64
		{E00769E5-82D4-4961-A067-AA0DD536919D}.Debug|x86.ActiveCfg = Debug|Win32
		{E00769E5-82D4-4961-A067-AA0DD536919D}.Debug|x86.Build.0 = Debug|Win32
		{E00769E5-82D4-4961-A067-AA0DD536919D}.Release|x64.ActiveCfg = Release|x64
		{E00769E5-82D4-4961-A067-AA0DD536919D}.Release|x64.Build.0 = Release|x64
		{E00769E5-82D4-4961-A067-AA0DD536919D}.Release|x86.ActiveCfg = Release|Win32
		{E00769E5-82D4-4961-A067-AA0DD536919D}.Release|x86.Build.0 = Release|Win32
	EndGlobalSection
	GlobalSection(SolutionProperties) = preSolution
		HideSolutionNode = FALSE
	EndGlobalSection
	GlobalSection(ExtensibilityGlobals) = postSolution
		SolutionGuid = {04623AD4-7F72-4BBD-B26C-22911D017F3A}
	EndGlobalSection
EndGlobal
